{
  "version": 4,
  "terraform_version": "0.12.29",
  "serial": 3,
  "lineage": "5415882f-03d1-aae6-2586-ca636e964a39",
  "outputs": {},
  "resources": [
    {
      "mode": "managed",
      "type": "google_container_cluster",
      "name": "primary",
      "provider": "provider.google",
      "instances": [
        {
          "schema_version": 1,
          "attributes": {
            "additional_zones": [],
            "addons_config": [
              {
                "cloudrun_config": [],
                "horizontal_pod_autoscaling": [],
                "http_load_balancing": [],
                "kubernetes_dashboard": [],
                "network_policy_config": [
                  {
                    "disabled": true
                  }
                ]
              }
            ],
            "authenticator_groups_config": [],
            "cluster_autoscaling": [
              {
                "auto_provisioning_defaults": [],
                "enabled": false,
                "resource_limits": []
              }
            ],
            "cluster_ipv4_cidr": "10.4.0.0/14",
            "database_encryption": [
              {
                "key_name": "",
                "state": "DECRYPTED"
              }
            ],
            "default_max_pods_per_node": null,
            "description": "",
            "enable_binary_authorization": false,
            "enable_intranode_visibility": null,
            "enable_kubernetes_alpha": false,
            "enable_legacy_abac": false,
            "enable_shielded_nodes": false,
            "enable_tpu": null,
            "endpoint": "35.235.111.202",
            "id": "projects/mykubernetesproject-285821/locations/us-west2-a/clusters/mycluster",
            "initial_node_count": 1,
            "instance_group_urls": [
              "https://www.googleapis.com/compute/v1/projects/mykubernetesproject-285821/zones/us-west2-a/instanceGroups/gke-mycluster-default-pool-6d3de58b-grp"
            ],
            "ip_allocation_policy": [],
            "label_fingerprint": "a9dc16a7",
            "location": "us-west2-a",
            "logging_service": "logging.googleapis.com/kubernetes",
            "maintenance_policy": [],
            "master_auth": [
              {
                "client_certificate": "",
                "client_certificate_config": [
                  {
                    "issue_client_certificate": false
                  }
                ],
                "client_key": "",
                "cluster_ca_certificate": "LS0tLS1CRUdJTiBDRVJUSUZJQ0FURS0tLS0tCk1JSURDekNDQWZPZ0F3SUJBZ0lRVmVMNTBRd0s1SHdrRTZxSmJDYy9TekFOQmdrcWhraUc5dzBCQVFzRkFEQXYKTVMwd0t3WURWUVFERXlRMk5ERTBOV014WkMxbU5HWXdMVFJsTURZdFltTXdZUzA0TkRNd1pEQmlOamRqWWpZdwpIaGNOTWpBd09EQTRNakV6TWpJNVdoY05NalV3T0RBM01qSXpNakk1V2pBdk1TMHdLd1lEVlFRREV5UTJOREUwCk5XTXhaQzFtTkdZd0xUUmxNRFl0WW1Nd1lTMDRORE13WkRCaU5qZGpZall3Z2dFaU1BMEdDU3FHU0liM0RRRUIKQVFVQUE0SUJEd0F3Z2dFS0FvSUJBUURLTy95aHFxOTgrUVZ2VHVKZUt3N3V1ZGZMR09EVVVIT3oyQnA5YTdUMgpDU2Uzdld3TmhrYlNGY2UwVFhvWjM2b1RmV2lFSTVEYzVMaFI3dG9zSE9ad0pPbXlQU004aFhhRkVLTUt3K3JvCjR4bytlQkVVWVQzYUNpRCtCclJ3bnJDY3Zra1hlb2l2Q3lvU0xhOWtYTUhxQ3drdkJ1cTJCMG8yUFhubWhkbkgKVG5tcjZOMVRRYzkxOU5SSWpmQU1tK0NyQjZobW4xMlZkOHpTTXc0cFlmRi80ejNUeGt4KzlENitNcDc0eUJxLwpSWXVRb0lxbFZEYTVYdVVHRmZXekxWRVJFNXptZ0Iwc01QcWdGQ1FQYitMTkFtMWkvYnQxRXBQYlJpUUZVNHVrCk9DQTJLRDhlMzN1eEIvbkNRdjhWMkNVMWVBNmQ2VUhHZVVIWSswRUI0RGZqQWdNQkFBR2pJekFoTUE0R0ExVWQKRHdFQi93UUVBd0lDQkRBUEJnTlZIUk1CQWY4RUJUQURBUUgvTUEwR0NTcUdTSWIzRFFFQkN3VUFBNElCQVFBRgo5R2NHOCtMQjJmVElwRFpVajZGTWw2S1czYUQyWWhZejhMZGZtUzlYUDloV3hVQkJQR3JDS1NVZjR3WWorc3RNCjNiMTRzclkrMitMREN2eUt1ekV3K3J4d09tSEJka1FEaTd2anRMQWV3OTNhdjVjcVBId1ZFM2VVenF2NFdQU0cKcHA5cGRLT1FJVVFMZ3BOc0ZNOUVSYXFTeUdpSW5JK1dqQVg0MFZYaW1PNDRoL0tOZFpDWGVhd0hNUmJEeDJ0UQpMaFJxUHUvaGFVOHN3OXdLVTdPaStLWnowZkUxanY4bWdMbUUvMGQ1b1owWjM5V1Q1Q2kySHBlRUxtQjNGV3dzCmZyOXlwK2NidnczZUxGWGlvYUxMS0U0a2ZtWEdmQXhkZDZ0aFJTQXdMbW5rbjF3K1UrOFA0Q0tqWFI3U3F0K0wKRS9FZVIvdDZpZ05HSm5tZXRnZUkKLS0tLS1FTkQgQ0VSVElGSUNBVEUtLS0tLQo=",
                "password": "",
                "username": ""
              }
            ],
            "master_authorized_networks_config": [],
            "master_version": "1.15.12-gke.2",
            "min_master_version": null,
            "monitoring_service": "monitoring.googleapis.com/kubernetes",
            "name": "mycluster",
            "network": "projects/mykubernetesproject-285821/global/networks/default",
            "network_policy": [
              {
                "enabled": false,
                "provider": "PROVIDER_UNSPECIFIED"
              }
            ],
            "node_config": [
              {
                "disk_size_gb": 100,
                "disk_type": "pd-standard",
                "guest_accelerator": [],
                "image_type": "COS",
                "labels": {},
                "local_ssd_count": 0,
                "machine_type": "n1-standard-1",
                "metadata": {
                  "disable-legacy-endpoints": "true"
                },
                "min_cpu_platform": "",
                "oauth_scopes": [
                  "https://www.googleapis.com/auth/devstorage.read_only",
                  "https://www.googleapis.com/auth/logging.write",
                  "https://www.googleapis.com/auth/monitoring",
                  "https://www.googleapis.com/auth/service.management.readonly",
                  "https://www.googleapis.com/auth/servicecontrol",
                  "https://www.googleapis.com/auth/trace.append"
                ],
                "preemptible": false,
                "sandbox_config": [],
                "service_account": "default",
                "shielded_instance_config": [
                  {
                    "enable_integrity_monitoring": true,
                    "enable_secure_boot": false
                  }
                ],
                "tags": [],
                "taint": [],
                "workload_metadata_config": []
              }
            ],
            "node_locations": [],
            "node_pool": [
              {
                "autoscaling": [],
                "initial_node_count": 1,
                "instance_group_urls": [
                  "https://www.googleapis.com/compute/v1/projects/mykubernetesproject-285821/zones/us-west2-a/instanceGroupManagers/gke-mycluster-default-pool-6d3de58b-grp"
                ],
                "management": [
                  {
                    "auto_repair": true,
                    "auto_upgrade": true
                  }
                ],
                "max_pods_per_node": 0,
                "name": "default-pool",
                "name_prefix": "",
                "node_config": [
                  {
                    "disk_size_gb": 100,
                    "disk_type": "pd-standard",
                    "guest_accelerator": [],
                    "image_type": "COS",
                    "labels": {},
                    "local_ssd_count": 0,
                    "machine_type": "n1-standard-1",
                    "metadata": {
                      "disable-legacy-endpoints": "true"
                    },
                    "min_cpu_platform": "",
                    "oauth_scopes": [
                      "https://www.googleapis.com/auth/devstorage.read_only",
                      "https://www.googleapis.com/auth/logging.write",
                      "https://www.googleapis.com/auth/monitoring",
                      "https://www.googleapis.com/auth/service.management.readonly",
                      "https://www.googleapis.com/auth/servicecontrol",
                      "https://www.googleapis.com/auth/trace.append"
                    ],
                    "preemptible": false,
                    "sandbox_config": [],
                    "service_account": "default",
                    "shielded_instance_config": [
                      {
                        "enable_integrity_monitoring": true,
                        "enable_secure_boot": false
                      }
                    ],
                    "tags": [],
                    "taint": [],
                    "workload_metadata_config": []
                  }
                ],
                "node_count": 1,
                "node_locations": [
                  "us-west2-a"
                ],
                "upgrade_settings": [
                  {
                    "max_surge": 1,
                    "max_unavailable": 0
                  }
                ],
                "version": "1.15.12-gke.2"
              }
            ],
            "node_version": "1.15.12-gke.2",
            "operation": null,
            "pod_security_policy_config": null,
            "private_cluster_config": [],
            "project": "mykubernetesproject-285821",
            "region": null,
            "remove_default_node_pool": null,
            "resource_labels": null,
            "resource_usage_export_config": [],
            "services_ipv4_cidr": "10.7.240.0/20",
            "subnetwork": "projects/mykubernetesproject-285821/regions/us-west2/subnetworks/default",
            "timeouts": null,
            "vertical_pod_autoscaling": [],
            "workload_identity_config": [],
            "zone": null
          },
          "private": "eyJlMmJmYjczMC1lY2FhLTExZTYtOGY4OC0zNDM2M2JjN2M0YzAiOnsiY3JlYXRlIjoyNDAwMDAwMDAwMDAwLCJkZWxldGUiOjI0MDAwMDAwMDAwMDAsInJlYWQiOjI0MDAwMDAwMDAwMDAsInVwZGF0ZSI6MzYwMDAwMDAwMDAwMH0sInNjaGVtYV92ZXJzaW9uIjoiMSJ9"
        }
      ]
    }
  ]
}
